
Microsoft Visual Studio Solution File, Format Version 12.00
# Visual Studio Version 16
VisualStudioVersion = 16.0.29728.190
MinimumVisualStudioVersion = 10.0.40219.1
Project("{FAE04EC0-301F-11D3-BF4B-00C04F79EFBC}") = "Seg.Dev.Poc.Sender", "Seg.Dev.Poc.Sender\Seg.Dev.Poc.Sender.csproj", "{1603F587-15C4-49DA-9274-E96AB2B035F3}"
EndProject
Global
	GlobalSection(SolutionConfigurationPlatforms) = preSolution
		Debug|Any CPU = Debug|Any CPU
		Release|Any CPU = Release|Any CPU
	EndGlobalSection
	GlobalSection(ProjectConfigurationPlatforms) = postSolution
		{1603F587-15C4-49DA-9274-E96AB2B035F3}.Debug|Any CPU.ActiveCfg = Debug|Any CPU
		{1603F587-15C4-49DA-9274-E96AB2B035F3}.Debug|Any CPU.Build.0 = Debug|Any CPU
		{1603F587-15C4-49DA-9274-E96AB2B035F3}.Release|Any CPU.ActiveCfg = Release|Any CPU
		{1603F587-15C4-49DA-9274-E96AB2B035F3}.Release|Any CPU.Build.0 = Release|Any CPU
	EndGlobalSection
	GlobalSection(SolutionProperties) = preSolution
		HideSolutionNode = FALSE
	EndGlobalSection
	GlobalSection(ExtensibilityGlobals) = postSolution
		SolutionGuid = {55B78563-5A0C-4B62-B3F5-F36193A04BB9}
	EndGlobalSection
EndGlobal
